
Microsoft Visual Studio Solution File, Format Version 12.00
# Visual Studio Version 17
VisualStudioVersion = 17.6.33829.357
MinimumVisualStudioVersion = 10.0.40219.1
Project("{FAE04EC0-301F-11D3-BF4B-00C04F79EFBC}") = "ContactsAPI", "ContactsAPI.csproj", "{67034767-8F1D-48B0-9E67-30049AA7B803}"
EndProject
Global
	GlobalSection(SolutionConfigurationPlatforms) = preSolution
		Debug|Any CPU = Debug|Any CPU
		Release|Any CPU = Release|Any CPU
	EndGlobalSection
	GlobalSection(ProjectConfigurationPlatforms) = postSolution
		{67034767-8F1D-48B0-9E67-30049AA7B803}.Debug|Any CPU.ActiveCfg = Debug|Any CPU
		{67034767-8F1D-48B0-9E67-30049AA7B803}.Debug|Any CPU.Build.0 = Debug|Any CPU
		{67034767-8F1D-48B0-9E67-30049AA7B803}.Release|Any CPU.ActiveCfg = Release|Any CPU
		{67034767-8F1D-48B0-9E67-30049AA7B803}.Release|Any CPU.Build.0 = Release|Any CPU
	EndGlobalSection
	GlobalSection(SolutionProperties) = preSolution
		HideSolutionNode = FALSE
	EndGlobalSection
	GlobalSection(ExtensibilityGlobals) = postSolution
		SolutionGuid = {4ED3C13F-7AE6-4A11-84A2-44A62B24C62A}
	EndGlobalSection
EndGlobal
