
Microsoft Visual Studio Solution File, Format Version 12.00
# Visual Studio Version 17
VisualStudioVersion = 17.4.33213.308
MinimumVisualStudioVersion = 10.0.40219.1
Project("{2150E333-8FDC-42A3-9474-1A3956D46DE8}") = "4-Infraestrutura", "4-Infraestrutura", "{B7CF4D7A-54C5-4F74-8880-23AA76500CE3}"
EndProject
Project("{2150E333-8FDC-42A3-9474-1A3956D46DE8}") = "4.1-Dados", "4.1-Dados", "{A6BC1B59-8AFD-4FC6-9624-C92DAAAA9087}"
EndProject
Project("{2150E333-8FDC-42A3-9474-1A3956D46DE8}") = "2-Aplicacao", "2-Aplicacao", "{45D07C2D-2458-4ABC-861B-A2FD5D3B4F49}"
EndProject
Project("{2150E333-8FDC-42A3-9474-1A3956D46DE8}") = "3-Dominio", "3-Dominio", "{00F48BD2-34F6-4687-951F-C63CE58CB236}"
EndProject
Project("{2150E333-8FDC-42A3-9474-1A3956D46DE8}") = "1-Servico", "1-Servico", "{8E3838FC-E53B-4041-91E9-7958355DF8B3}"
EndProject
Project("{2150E333-8FDC-42A3-9474-1A3956D46DE8}") = "4.2-Seguranca", "4.2-Seguranca", "{A9E763F1-5156-481A-9BDA-DD867409DD93}"
EndProject
Project("{9A19103F-16F7-4668-BE54-9A1E7A4F7556}") = "SigProc.Aplicacao", "SigProc.Aplicacao\SigProc.Aplicacao.csproj", "{D2B2702D-7FF7-4747-B388-55F620F5E3F2}"
	ProjectSection(ProjectDependencies) = postProject
		{2D9D0DCD-B260-48D7-B1C4-5AB9E669C00E} = {2D9D0DCD-B260-48D7-B1C4-5AB9E669C00E}
	EndProjectSection
EndProject
Project("{2150E333-8FDC-42A3-9474-1A3956D46DE8}") = "Solution Items", "Solution Items", "{ECB9EB29-94F2-4B48-8E05-4B91BD080953}"
	ProjectSection(SolutionItems) = preProject
		.editorconfig = .editorconfig
	EndProjectSection
EndProject
Project("{9A19103F-16F7-4668-BE54-9A1E7A4F7556}") = "SigProc.Domimio", "SigProc.Domain\SigProc.Domimio.csproj", "{2D9D0DCD-B260-48D7-B1C4-5AB9E669C00E}"
EndProject
Project("{9A19103F-16F7-4668-BE54-9A1E7A4F7556}") = "SigProc.infra.dados", "SigProc.infra.dados\SigProc.infra.dados.csproj", "{3D9D52C3-BAF7-46FD-AE31-55F0DBA50627}"
EndProject
Project("{9A19103F-16F7-4668-BE54-9A1E7A4F7556}") = "SigProc.Infra.Seguranca", "SigProc.Infra.Seguranca\SigProc.Infra.Seguranca.csproj", "{77319BD8-AAA6-4D27-B79C-3089B87ABC4F}"
EndProject
Project("{9A19103F-16F7-4668-BE54-9A1E7A4F7556}") = "SigProc.Servico", "SigProc.Servico\SigProc.Servico.csproj", "{A384393A-F3F9-4A86-8A20-89DCC07532FB}"
	ProjectSection(ProjectDependencies) = postProject
		{2D9D0DCD-B260-48D7-B1C4-5AB9E669C00E} = {2D9D0DCD-B260-48D7-B1C4-5AB9E669C00E}
		{3D9D52C3-BAF7-46FD-AE31-55F0DBA50627} = {3D9D52C3-BAF7-46FD-AE31-55F0DBA50627}
		{D2B2702D-7FF7-4747-B388-55F620F5E3F2} = {D2B2702D-7FF7-4747-B388-55F620F5E3F2}
	EndProjectSection
EndProject
Project("{2150E333-8FDC-42A3-9474-1A3956D46DE8}") = "4.3-Sicop", "4.3-Sicop", "{817515AE-71B8-4C1C-939B-3D9104A76852}"
EndProject
Project("{FAE04EC0-301F-11D3-BF4B-00C04F79EFBC}") = "SigProc.Infra.Sicop", "SigProc.Infra.Sicop\SigProc.Infra.Sicop.csproj", "{13CE8261-EC95-4DF4-A80A-53C1361BA8ED}"
EndProject
Global
	GlobalSection(SolutionConfigurationPlatforms) = preSolution
		Debug|Any CPU = Debug|Any CPU
		Release|Any CPU = Release|Any CPU
	EndGlobalSection
	GlobalSection(ProjectConfigurationPlatforms) = postSolution
		{D2B2702D-7FF7-4747-B388-55F620F5E3F2}.Debug|Any CPU.ActiveCfg = Debug|Any CPU
		{D2B2702D-7FF7-4747-B388-55F620F5E3F2}.Debug|Any CPU.Build.0 = Debug|Any CPU
		{D2B2702D-7FF7-4747-B388-55F620F5E3F2}.Release|Any CPU.ActiveCfg = Release|Any CPU
		{D2B2702D-7FF7-4747-B388-55F620F5E3F2}.Release|Any CPU.Build.0 = Release|Any CPU
		{2D9D0DCD-B260-48D7-B1C4-5AB9E669C00E}.Debug|Any CPU.ActiveCfg = Debug|Any CPU
		{2D9D0DCD-B260-48D7-B1C4-5AB9E669C00E}.Debug|Any CPU.Build.0 = Debug|Any CPU
		{2D9D0DCD-B260-48D7-B1C4-5AB9E669C00E}.Release|Any CPU.ActiveCfg = Release|Any CPU
		{2D9D0DCD-B260-48D7-B1C4-5AB9E669C00E}.Release|Any CPU.Build.0 = Release|Any CPU
		{3D9D52C3-BAF7-46FD-AE31-55F0DBA50627}.Debug|Any CPU.ActiveCfg = Debug|Any CPU
		{3D9D52C3-BAF7-46FD-AE31-55F0DBA50627}.Debug|Any CPU.Build.0 = Debug|Any CPU
		{3D9D52C3-BAF7-46FD-AE31-55F0DBA50627}.Release|Any CPU.ActiveCfg = Release|Any CPU
		{3D9D52C3-BAF7-46FD-AE31-55F0DBA50627}.Release|Any CPU.Build.0 = Release|Any CPU
		{77319BD8-AAA6-4D27-B79C-3089B87ABC4F}.Debug|Any CPU.ActiveCfg = Debug|Any CPU
		{77319BD8-AAA6-4D27-B79C-3089B87ABC4F}.Debug|Any CPU.Build.0 = Debug|Any CPU
		{77319BD8-AAA6-4D27-B79C-3089B87ABC4F}.Release|Any CPU.ActiveCfg = Release|Any CPU
		{77319BD8-AAA6-4D27-B79C-3089B87ABC4F}.Release|Any CPU.Build.0 = Release|Any CPU
		{A384393A-F3F9-4A86-8A20-89DCC07532FB}.Debug|Any CPU.ActiveCfg = Debug|Any CPU
		{A384393A-F3F9-4A86-8A20-89DCC07532FB}.Debug|Any CPU.Build.0 = Debug|Any CPU
		{A384393A-F3F9-4A86-8A20-89DCC07532FB}.Release|Any CPU.ActiveCfg = Release|Any CPU
		{A384393A-F3F9-4A86-8A20-89DCC07532FB}.Release|Any CPU.Build.0 = Release|Any CPU
		{13CE8261-EC95-4DF4-A80A-53C1361BA8ED}.Debug|Any CPU.ActiveCfg = Debug|Any CPU
		{13CE8261-EC95-4DF4-A80A-53C1361BA8ED}.Debug|Any CPU.Build.0 = Debug|Any CPU
		{13CE8261-EC95-4DF4-A80A-53C1361BA8ED}.Release|Any CPU.ActiveCfg = Release|Any CPU
		{13CE8261-EC95-4DF4-A80A-53C1361BA8ED}.Release|Any CPU.Build.0 = Release|Any CPU
	EndGlobalSection
	GlobalSection(SolutionProperties) = preSolution
		HideSolutionNode = FALSE
	EndGlobalSection
	GlobalSection(NestedProjects) = preSolution
		{A6BC1B59-8AFD-4FC6-9624-C92DAAAA9087} = {B7CF4D7A-54C5-4F74-8880-23AA76500CE3}
		{A9E763F1-5156-481A-9BDA-DD867409DD93} = {B7CF4D7A-54C5-4F74-8880-23AA76500CE3}
		{D2B2702D-7FF7-4747-B388-55F620F5E3F2} = {45D07C2D-2458-4ABC-861B-A2FD5D3B4F49}
		{2D9D0DCD-B260-48D7-B1C4-5AB9E669C00E} = {00F48BD2-34F6-4687-951F-C63CE58CB236}
		{3D9D52C3-BAF7-46FD-AE31-55F0DBA50627} = {A6BC1B59-8AFD-4FC6-9624-C92DAAAA9087}
		{77319BD8-AAA6-4D27-B79C-3089B87ABC4F} = {A9E763F1-5156-481A-9BDA-DD867409DD93}
		{A384393A-F3F9-4A86-8A20-89DCC07532FB} = {8E3838FC-E53B-4041-91E9-7958355DF8B3}
		{817515AE-71B8-4C1C-939B-3D9104A76852} = {B7CF4D7A-54C5-4F74-8880-23AA76500CE3}
		{13CE8261-EC95-4DF4-A80A-53C1361BA8ED} = {817515AE-71B8-4C1C-939B-3D9104A76852}
	EndGlobalSection
	GlobalSection(ExtensibilityGlobals) = postSolution
		SolutionGuid = {35E38E86-6701-41F7-9A26-AC91835A16A6}
	EndGlobalSection
EndGlobal
